
Microsoft Visual Studio Solution File, Format Version 12.00
# Visual Studio Version 17
VisualStudioVersion = 17.1.32414.318
MinimumVisualStudioVersion = 10.0.40219.1
Project("{FAE04EC0-301F-11D3-BF4B-00C04F79EFBC}") = "Api", "Api\Api.csproj", "{D1F56B94-10B0-4E4D-8FBB-5842BF25B110}"
EndProject
Project("{FAE04EC0-301F-11D3-BF4B-00C04F79EFBC}") = "Domain", "Domain\Domain.csproj", "{D1A0A266-E713-4DFC-8C9B-FF9D651D0D90}"
EndProject
Project("{FAE04EC0-301F-11D3-BF4B-00C04F79EFBC}") = "Services", "Services\Services.csproj", "{2146585E-601F-49D2-A14D-3B81FEA30E9C}"
EndProject
Global
	GlobalSection(SolutionConfigurationPlatforms) = preSolution
		Debug|Any CPU = Debug|Any CPU
		Release|Any CPU = Release|Any CPU
	EndGlobalSection
	GlobalSection(ProjectConfigurationPlatforms) = postSolution
		{D1F56B94-10B0-4E4D-8FBB-5842BF25B110}.Debug|Any CPU.ActiveCfg = Debug|Any CPU
		{D1F56B94-10B0-4E4D-8FBB-5842BF25B110}.Debug|Any CPU.Build.0 = Debug|Any CPU
		{D1F56B94-10B0-4E4D-8FBB-5842BF25B110}.Release|Any CPU.ActiveCfg = Release|Any CPU
		{D1F56B94-10B0-4E4D-8FBB-5842BF25B110}.Release|Any CPU.Build.0 = Release|Any CPU
		{D1A0A266-E713-4DFC-8C9B-FF9D651D0D90}.Debug|Any CPU.ActiveCfg = Debug|Any CPU
		{D1A0A266-E713-4DFC-8C9B-FF9D651D0D90}.Debug|Any CPU.Build.0 = Debug|Any CPU
		{D1A0A266-E713-4DFC-8C9B-FF9D651D0D90}.Release|Any CPU.ActiveCfg = Release|Any CPU
		{D1A0A266-E713-4DFC-8C9B-FF9D651D0D90}.Release|Any CPU.Build.0 = Release|Any CPU
		{2146585E-601F-49D2-A14D-3B81FEA30E9C}.Debug|Any CPU.ActiveCfg = Debug|Any CPU
		{2146585E-601F-49D2-A14D-3B81FEA30E9C}.Debug|Any CPU.Build.0 = Debug|Any CPU
		{2146585E-601F-49D2-A14D-3B81FEA30E9C}.Release|Any CPU.ActiveCfg = Release|Any CPU
		{2146585E-601F-49D2-A14D-3B81FEA30E9C}.Release|Any CPU.Build.0 = Release|Any CPU
	EndGlobalSection
	GlobalSection(SolutionProperties) = preSolution
		HideSolutionNode = FALSE
	EndGlobalSection
	GlobalSection(ExtensibilityGlobals) = postSolution
		SolutionGuid = {B0D21278-A5C6-46CF-A405-18839B68675D}
	EndGlobalSection
EndGlobal
